
Microsoft Visual Studio Solution File, Format Version 12.00
# Visual Studio Version 16
VisualStudioVersion = 16.0.29102.190
MinimumVisualStudioVersion = 10.0.40219.1
Project("{FAE04EC0-301F-11D3-BF4B-00C04F79EFBC}") = "WebsiteFPT", "WebsiteFPT\WebsiteFPT.csproj", "{225793C1-C247-4ED5-BB9E-2389D0B8C7D3}"
EndProject
Project("{FAE04EC0-301F-11D3-BF4B-00C04F79EFBC}") = "Models", "Models\Models.csproj", "{FD65393B-D066-445F-B26A-FDA797E5D231}"
EndProject
Global
	GlobalSection(SolutionConfigurationPlatforms) = preSolution
		Debug|Any CPU = Debug|Any CPU
		Release|Any CPU = Release|Any CPU
	EndGlobalSection
	GlobalSection(ProjectConfigurationPlatforms) = postSolution
		{225793C1-C247-4ED5-BB9E-2389D0B8C7D3}.Debug|Any CPU.ActiveCfg = Debug|Any CPU
		{225793C1-C247-4ED5-BB9E-2389D0B8C7D3}.Debug|Any CPU.Build.0 = Debug|Any CPU
		{225793C1-C247-4ED5-BB9E-2389D0B8C7D3}.Release|Any CPU.ActiveCfg = Release|Any CPU
		{225793C1-C247-4ED5-BB9E-2389D0B8C7D3}.Release|Any CPU.Build.0 = Release|Any CPU
		{FD65393B-D066-445F-B26A-FDA797E5D231}.Debug|Any CPU.ActiveCfg = Debug|Any CPU
		{FD65393B-D066-445F-B26A-FDA797E5D231}.Debug|Any CPU.Build.0 = Debug|Any CPU
		{FD65393B-D066-445F-B26A-FDA797E5D231}.Release|Any CPU.ActiveCfg = Release|Any CPU
		{FD65393B-D066-445F-B26A-FDA797E5D231}.Release|Any CPU.Build.0 = Release|Any CPU
	EndGlobalSection
	GlobalSection(SolutionProperties) = preSolution
		HideSolutionNode = FALSE
	EndGlobalSection
	GlobalSection(ExtensibilityGlobals) = postSolution
		SolutionGuid = {29204435-05E6-4E95-87FC-AAFE7349F980}
	EndGlobalSection
EndGlobal
